// !$*UTF8*$!
{
	archiveVersion = 1;
	classes = {
	};
	objectVersion = 77;
	objects = {

/* Begin PBXBuildFile section */
		033360B6B2D944FD38C9C57D /* ClaudeUsageSnapshot.swift in Sources */ = {isa = PBXBuildFile; fileRef = 4B2E22777707A33CF8A0FA13 /* ClaudeUsageSnapshot.swift */; };
		03A0C37601C0E5C605CEC52E /* UsageRefreshServiceTests.swift in Sources */ = {isa = PBXBuildFile; fileRef = 2F04635967194366848FDC8C /* UsageRefreshServiceTests.swift */; };
		06FC93DA5357546287B99FE7 /* ProjectUsageTimeRange.swift in Sources */ = {isa = PBXBuildFile; fileRef = 62B429B9A3E4B6D2DCBF5C52 /* ProjectUsageTimeRange.swift */; };
		0DF97A0F26DDDF8FCFE9FC88 /* UsageDisplayFormatting.swift in Sources */ = {isa = PBXBuildFile; fileRef = 3EC765F645095197BFD696CE /* UsageDisplayFormatting.swift */; };
		0E8F70434DD66AC1C5B4A425 /* UsageCacheStoreTests.swift in Sources */ = {isa = PBXBuildFile; fileRef = C0AA9B0B32CB31100FDB626A /* UsageCacheStoreTests.swift */; };
		0F7935BFF3C22AE6743DF13C /* UsageRefreshService.swift in Sources */ = {isa = PBXBuildFile; fileRef = 74CA2A48B900DA953F3D5104 /* UsageRefreshService.swift */; };
		137C30D71942E0D33C899376 /* ClaudeTokenReader.swift in Sources */ = {isa = PBXBuildFile; fileRef = 403C7C5619B2E70579B3FEEB /* ClaudeTokenReader.swift */; };
		16DDFE8AE233384216CDA0AB /* ClaudeTokenReader.swift in Sources */ = {isa = PBXBuildFile; fileRef = 403C7C5619B2E70579B3FEEB /* ClaudeTokenReader.swift */; };
		1BD1780656882E7FDCB72698 /* UsageMeterView.swift in Sources */ = {isa = PBXBuildFile; fileRef = 74F402FF569CF9D2D19EBDFC /* UsageMeterView.swift */; };
		1E56DC113E8E08A6011DC365 /* ProjectUsageAggregator.swift in Sources */ = {isa = PBXBuildFile; fileRef = 41CC70A58ABD689224C523EF /* ProjectUsageAggregator.swift */; };
		238B27BCA54FF2E1DAF4B393 /* UsageProvider.swift in Sources */ = {isa = PBXBuildFile; fileRef = B50AB781DB0370BBD8DF6662 /* UsageProvider.swift */; };
		2849C5A1E503802B7B979B6D /* UsageSettingsStore.swift in Sources */ = {isa = PBXBuildFile; fileRef = 108D6D1FFAA2C9763B5EB6A4 /* UsageSettingsStore.swift */; };
		293F4ED389E3E73270CE840C /* ContentView.swift in Sources */ = {isa = PBXBuildFile; fileRef = B9678ED2556632A04F9F3E01 /* ContentView.swift */; };
		299880F24F1E8BDEC12F764F /* UsageDisplayFormatting.swift in Sources */ = {isa = PBXBuildFile; fileRef = 3EC765F645095197BFD696CE /* UsageDisplayFormatting.swift */; };
		2E91769B9A3FF64B62B14C92 /* ISO8601Parsing.swift in Sources */ = {isa = PBXBuildFile; fileRef = 1BC0DD59F0476CD0D0804F53 /* ISO8601Parsing.swift */; };
		33273641201CE81DF2A72A11 /* OAuthUsageProvider.swift in Sources */ = {isa = PBXBuildFile; fileRef = 4BAE137710AC01A17699EE8E /* OAuthUsageProvider.swift */; };
		366A08AC43508478A87F5F45 /* ProjectUsageEvent.swift in Sources */ = {isa = PBXBuildFile; fileRef = 81401266A69E969683F3E3AD /* ProjectUsageEvent.swift */; };
		36C71FF0BA10B8FAF50EC04B /* UsageAggregatorService.swift in Sources */ = {isa = PBXBuildFile; fileRef = 339AA7B185C0249CBEC0A239 /* UsageAggregatorService.swift */; };
		3ACDC54C842072B444E25D48 /* ProjectsView.swift in Sources */ = {isa = PBXBuildFile; fileRef = F672D60568F9275AF53CB948 /* ProjectsView.swift */; };
		3C9CC23F2ACC31FEDB2DA635 /* ClaudeUsageClientMappingTests.swift in Sources */ = {isa = PBXBuildFile; fileRef = 623EA8334E27238B1A861C75 /* ClaudeUsageClientMappingTests.swift */; };
		3CD00629B60756A284FE9F36 /* ClaudeUsageClient.swift in Sources */ = {isa = PBXBuildFile; fileRef = F01012886E5146DB65348A0F /* ClaudeUsageClient.swift */; };
		41D970D532CEE25C5A2024D7 /* ProjectUsageAggregator.swift in Sources */ = {isa = PBXBuildFile; fileRef = 41CC70A58ABD689224C523EF /* ProjectUsageAggregator.swift */; };
		437100AD2ADBCF6BFC056793 /* UsageDisplayFormattingTests.swift in Sources */ = {isa = PBXBuildFile; fileRef = D2274FEA2B1CB27D261237F6 /* UsageDisplayFormattingTests.swift */; };
		461654A5299C8235B84714EE /* TokenUsageMonitorWidgetBundle.swift in Sources */ = {isa = PBXBuildFile; fileRef = 619997CCB871ECEB5EC91C69 /* TokenUsageMonitorWidgetBundle.swift */; };
		4720EBE75A1EE8CD6E18B0DA /* UsageDisplayFormatting.swift in Sources */ = {isa = PBXBuildFile; fileRef = 3EC765F645095197BFD696CE /* UsageDisplayFormatting.swift */; };
		48D3EAFE8E43E261D01E3D46 /* TokenUsageMonitorWidgetEntryView.swift in Sources */ = {isa = PBXBuildFile; fileRef = 941A1A194917B4C67F8C8029 /* TokenUsageMonitorWidgetEntryView.swift */; };
		4B01434530F51750EF7C10DD /* LocalProjectUsageProvider.swift in Sources */ = {isa = PBXBuildFile; fileRef = A44D166774E9C39F5DA7E74D /* LocalProjectUsageProvider.swift */; };
		527D57F7A3E3DCD46DAFA462 /* ProjectUsageParserTests.swift in Sources */ = {isa = PBXBuildFile; fileRef = D8419569982F88E3BE3F4725 /* ProjectUsageParserTests.swift */; };
		52D9EA08C46C9E9550A5268D /* ErrorNoteView.swift in Sources */ = {isa = PBXBuildFile; fileRef = 29AFE13F730F65558BF5FB4D /* ErrorNoteView.swift */; };
		52FAE19FBBF64A0CEE3502D4 /* UsageLimit.swift in Sources */ = {isa = PBXBuildFile; fileRef = E7577A86C256C27FFBAEB1AA /* UsageLimit.swift */; };
		564657E5D85911179B5FC308 /* StatuslineUsageProvider.swift in Sources */ = {isa = PBXBuildFile; fileRef = 0C42915BD27C00A5432BD0F5 /* StatuslineUsageProvider.swift */; };
		5775774A56F66F93474603B6 /* ProjectUsageTimeRange.swift in Sources */ = {isa = PBXBuildFile; fileRef = 62B429B9A3E4B6D2DCBF5C52 /* ProjectUsageTimeRange.swift */; };
		5AC16220726D85408DD25E57 /* StatuslineUsageProvider.swift in Sources */ = {isa = PBXBuildFile; fileRef = 0C42915BD27C00A5432BD0F5 /* StatuslineUsageProvider.swift */; };
		5D300F58EACF36D7E9201DA7 /* ProjectUsageCacheStoreTests.swift in Sources */ = {isa = PBXBuildFile; fileRef = F62255FDB7C88042237CC0C5 /* ProjectUsageCacheStoreTests.swift */; };
		5EE826A7F16C93B2966265A3 /* UsageSettings.swift in Sources */ = {isa = PBXBuildFile; fileRef = FAF850F8739E92B98AE88B5C /* UsageSettings.swift */; };
		69AB386D1773702D2026225C /* UsageCacheStore.swift in Sources */ = {isa = PBXBuildFile; fileRef = 6CB667EF1EDBC4900466E5A1 /* UsageCacheStore.swift */; };
		6A8B8836E38673609FFF96AA /* ISO8601Parsing.swift in Sources */ = {isa = PBXBuildFile; fileRef = 1BC0DD59F0476CD0D0804F53 /* ISO8601Parsing.swift */; };
		6B24CD6CA66A9783950E0CFE /* UsageAggregatorService.swift in Sources */ = {isa = PBXBuildFile; fileRef = 339AA7B185C0249CBEC0A239 /* UsageAggregatorService.swift */; };
		6F2F2C4C3A3E6B30119C2BEF /* ClaudeUsageSnapshot.swift in Sources */ = {isa = PBXBuildFile; fileRef = 4B2E22777707A33CF8A0FA13 /* ClaudeUsageSnapshot.swift */; };
		74B37DBAF0F1F2F430DDE033 /* TokenUsageMonitorExtension.appex in Embed Foundation Extensions */ = {isa = PBXBuildFile; fileRef = F3FA71D40AD7EC7B5CB6B7AF /* TokenUsageMonitorExtension.appex */; settings = {ATTRIBUTES = (RemoveHeadersOnCopy, ); }; };
		798485850D17CEB1ADC2B4B0 /* TokenUsageMonitorApp.swift in Sources */ = {isa = PBXBuildFile; fileRef = 47F9B5E55373C52523C3840C /* TokenUsageMonitorApp.swift */; };
		80EBDF7B8F562CA1A2ED4B30 /* ClaudeUsageSnapshot.swift in Sources */ = {isa = PBXBuildFile; fileRef = 4B2E22777707A33CF8A0FA13 /* ClaudeUsageSnapshot.swift */; };
		81D29ADA27A674C7E5D5A822 /* ProjectUsageTimeRange.swift in Sources */ = {isa = PBXBuildFile; fileRef = 62B429B9A3E4B6D2DCBF5C52 /* ProjectUsageTimeRange.swift */; };
		84390316361B59AB560C2FF1 /* UsageMeterView.swift in Sources */ = {isa = PBXBuildFile; fileRef = 74F402FF569CF9D2D19EBDFC /* UsageMeterView.swift */; };
		8CB3F6522DDD37B2CED8C556 /* UsageLimitRow.swift in Sources */ = {isa = PBXBuildFile; fileRef = 357806D76D45CE4F6A9B6C10 /* UsageLimitRow.swift */; };
		8DBA673988C7AFAAC8937395 /* ProjectUsageCacheStore.swift in Sources */ = {isa = PBXBuildFile; fileRef = 7A04C17F1E356355E839E377 /* ProjectUsageCacheStore.swift */; };
		8E879B004695C7830EA3DFC9 /* UsageCacheStore.swift in Sources */ = {isa = PBXBuildFile; fileRef = 6CB667EF1EDBC4900466E5A1 /* UsageCacheStore.swift */; };
		91A9B41BCE1FB027F85CF0EB /* ProjectUsageParser.swift in Sources */ = {isa = PBXBuildFile; fileRef = DB2421FD70ECE9C3E32106E4 /* ProjectUsageParser.swift */; };
		91AC727975DD1F1E3962A287 /* StatuslineUsageProviderTests.swift in Sources */ = {isa = PBXBuildFile; fileRef = D9C1C520144FA375B5855F55 /* StatuslineUsageProviderTests.swift */; };
		92A1276C5EC8A59BF7412EB5 /* UsageLimit.swift in Sources */ = {isa = PBXBuildFile; fileRef = E7577A86C256C27FFBAEB1AA /* UsageLimit.swift */; };
		95184311F407BEC1E22C4238 /* ProjectAnalyticsViewModel.swift in Sources */ = {isa = PBXBuildFile; fileRef = 48BB7D9CB9654777AB4CCE91 /* ProjectAnalyticsViewModel.swift */; };
		96467BF90B478FB3D08BEEC2 /* ProjectUsageParser.swift in Sources */ = {isa = PBXBuildFile; fileRef = DB2421FD70ECE9C3E32106E4 /* ProjectUsageParser.swift */; };
		981E49AA42196594068C53DC /* AppGroup.swift in Sources */ = {isa = PBXBuildFile; fileRef = 2EFE5F577B740205ECE70A39 /* AppGroup.swift */; };
		9E285D715EDE332AE849157E /* UsageProvider.swift in Sources */ = {isa = PBXBuildFile; fileRef = B50AB781DB0370BBD8DF6662 /* UsageProvider.swift */; };
		A056569E3AC295CAE9DB3669 /* ClaudeTokenReaderTests.swift in Sources */ = {isa = PBXBuildFile; fileRef = 46BCE1B3FDFC94267C86B770 /* ClaudeTokenReaderTests.swift */; };
		A629E72DB172703D13FF023E /* UsageLimit.swift in Sources */ = {isa = PBXBuildFile; fileRef = E7577A86C256C27FFBAEB1AA /* UsageLimit.swift */; };
		A7E71D5AC52C8BC56A80A6B2 /* AppGroup.swift in Sources */ = {isa = PBXBuildFile; fileRef = 2EFE5F577B740205ECE70A39 /* AppGroup.swift */; };
		A93259973D8CD16D08C6E127 /* ProjectUsageParser.swift in Sources */ = {isa = PBXBuildFile; fileRef = DB2421FD70ECE9C3E32106E4 /* ProjectUsageParser.swift */; };
		A9E98D3FDED165AEEE59255A /* ProjectUsageEvent.swift in Sources */ = {isa = PBXBuildFile; fileRef = 81401266A69E969683F3E3AD /* ProjectUsageEvent.swift */; };
		B092EF6E94FC649B426FF7E4 /* LocalProjectUsageProvider.swift in Sources */ = {isa = PBXBuildFile; fileRef = A44D166774E9C39F5DA7E74D /* LocalProjectUsageProvider.swift */; };
		B2CB03E4CC9A46D4BF45E5EB /* UsageCacheStore.swift in Sources */ = {isa = PBXBuildFile; fileRef = 6CB667EF1EDBC4900466E5A1 /* UsageCacheStore.swift */; };
		B670BE119407E931A21BF70D /* UsageProvider.swift in Sources */ = {isa = PBXBuildFile; fileRef = B50AB781DB0370BBD8DF6662 /* UsageProvider.swift */; };
		B74A37712B69992EE91D8CD1 /* TokenUsageMonitorWidgetEntry.swift in Sources */ = {isa = PBXBuildFile; fileRef = 181E0D29D3C8B826339AD70A /* TokenUsageMonitorWidgetEntry.swift */; };
		BA21F6B1B3BBD3FC301E9764 /* ClaudeUsageTimelineProvider.swift in Sources */ = {isa = PBXBuildFile; fileRef = FFA19F47DA2B24A12C2C83E4 /* ClaudeUsageTimelineProvider.swift */; };
		C317BBEC5F47F7DE85FA0417 /* ClaudeUsageClient.swift in Sources */ = {isa = PBXBuildFile; fileRef = F01012886E5146DB65348A0F /* ClaudeUsageClient.swift */; };
		C35DF8E5F928308CACB721A4 /* ProjectUsageAggregator.swift in Sources */ = {isa = PBXBuildFile; fileRef = 41CC70A58ABD689224C523EF /* ProjectUsageAggregator.swift */; };
		C4611DFDF0A1F9AE17C52ED8 /* OAuthUsageProvider.swift in Sources */ = {isa = PBXBuildFile; fileRef = 4BAE137710AC01A17699EE8E /* OAuthUsageProvider.swift */; };
		C6DF67B4F4C9A41015CE6E02 /* UsageOverviewView.swift in Sources */ = {isa = PBXBuildFile; fileRef = F381D0EE19155B220BFBEFC0 /* UsageOverviewView.swift */; };
		C78F7DD60D3487C2F906E838 /* ProjectUsageCacheStore.swift in Sources */ = {isa = PBXBuildFile; fileRef = 7A04C17F1E356355E839E377 /* ProjectUsageCacheStore.swift */; };
		C857B6A7CC9DE244091B2199 /* UsageAggregatorServiceTests.swift in Sources */ = {isa = PBXBuildFile; fileRef = F906E7E087BA70B99AF06580 /* UsageAggregatorServiceTests.swift */; };
		C9930971E6E9FDE487AF808C /* TokenUsageMonitorWidget.swift in Sources */ = {isa = PBXBuildFile; fileRef = 8528D83EF1B928AF6D754323 /* TokenUsageMonitorWidget.swift */; };
		CDF2D395FD86D5D20C8B9735 /* AppGroup.swift in Sources */ = {isa = PBXBuildFile; fileRef = 2EFE5F577B740205ECE70A39 /* AppGroup.swift */; };
		DC2FBA308F8F2CC11061F630 /* OAuthUsageProviderTests.swift in Sources */ = {isa = PBXBuildFile; fileRef = 75B249F50730394CB2514850 /* OAuthUsageProviderTests.swift */; };
		DC9B5FFA7F7D717F20C04A5F /* UsageSettingsStore.swift in Sources */ = {isa = PBXBuildFile; fileRef = 108D6D1FFAA2C9763B5EB6A4 /* UsageSettingsStore.swift */; };
		DEF475224614EABA292BDEC6 /* ProjectUsageEvent.swift in Sources */ = {isa = PBXBuildFile; fileRef = 81401266A69E969683F3E3AD /* ProjectUsageEvent.swift */; };
		E83BAC83C19B0C9413CAC126 /* UsageRefreshService.swift in Sources */ = {isa = PBXBuildFile; fileRef = 74CA2A48B900DA953F3D5104 /* UsageRefreshService.swift */; };
		E8451427086917636D2677BD /* ProjectAnalyticsViewModel.swift in Sources */ = {isa = PBXBuildFile; fileRef = 48BB7D9CB9654777AB4CCE91 /* ProjectAnalyticsViewModel.swift */; };
		E883D69DF3D5EC3594B04F80 /* UsageMeterView.swift in Sources */ = {isa = PBXBuildFile; fileRef = 74F402FF569CF9D2D19EBDFC /* UsageMeterView.swift */; };
		EA0B71BB9A30C1B7B74C6B00 /* ISO8601Parsing.swift in Sources */ = {isa = PBXBuildFile; fileRef = 1BC0DD59F0476CD0D0804F53 /* ISO8601Parsing.swift */; };
		EA8A4BC0773E3E1D0F237A92 /* UsageSettingsStore.swift in Sources */ = {isa = PBXBuildFile; fileRef = 108D6D1FFAA2C9763B5EB6A4 /* UsageSettingsStore.swift */; };
		EFBA709319173B787D8B5CE9 /* UsageSettings.swift in Sources */ = {isa = PBXBuildFile; fileRef = FAF850F8739E92B98AE88B5C /* UsageSettings.swift */; };
		F22C63370512CB6EEA29DCF9 /* UsageSettingsStoreTests.swift in Sources */ = {isa = PBXBuildFile; fileRef = 092B6C45BA57D1B1130A32EA /* UsageSettingsStoreTests.swift */; };
		F9311D6667583B7D03B51014 /* SettingsView.swift in Sources */ = {isa = PBXBuildFile; fileRef = DFB2324C93A5DF7CECDE35FB /* SettingsView.swift */; };
		F982251A95D47B95283C2C3F /* ProjectUsageCacheStore.swift in Sources */ = {isa = PBXBuildFile; fileRef = 7A04C17F1E356355E839E377 /* ProjectUsageCacheStore.swift */; };
		FB06D12A949689636CC5BA74 /* LocalProjectUsageProviderTests.swift in Sources */ = {isa = PBXBuildFile; fileRef = 2B2450295A667742F06440D5 /* LocalProjectUsageProviderTests.swift */; };
		FBD2BD10D1BC4E451E7D5DD9 /* UsageSettings.swift in Sources */ = {isa = PBXBuildFile; fileRef = FAF850F8739E92B98AE88B5C /* UsageSettings.swift */; };
		FDF18020DFFE22844D14B9E5 /* ProjectUsageAggregatorTests.swift in Sources */ = {isa = PBXBuildFile; fileRef = C0B501590455FABFD8B4CBDA /* ProjectUsageAggregatorTests.swift */; };
/* End PBXBuildFile section */

/* Begin PBXContainerItemProxy section */
		BD17765B7FEF719B3A4404AC /* PBXContainerItemProxy */ = {
			isa = PBXContainerItemProxy;
			containerPortal = 8EE11971339407CF992E290B /* Project object */;
			proxyType = 1;
			remoteGlobalIDString = C2AF8370DE7878BB2F81155C;
			remoteInfo = TokenUsageMonitorExtension;
		};
/* End PBXContainerItemProxy section */

/* Begin PBXCopyFilesBuildPhase section */
		CEE7E5DF22B3DE400CA084E1 /* Embed Foundation Extensions */ = {
			isa = PBXCopyFilesBuildPhase;
			buildActionMask = 2147483647;
			dstPath = "";
			dstSubfolderSpec = 13;
			files = (
				74B37DBAF0F1F2F430DDE033 /* TokenUsageMonitorExtension.appex in Embed Foundation Extensions */,
			);
			name = "Embed Foundation Extensions";
			runOnlyForDeploymentPostprocessing = 0;
		};
/* End PBXCopyFilesBuildPhase section */

/* Begin PBXFileReference section */
		092B6C45BA57D1B1130A32EA /* UsageSettingsStoreTests.swift */ = {isa = PBXFileReference; lastKnownFileType = sourcecode.swift; path = UsageSettingsStoreTests.swift; sourceTree = "<group>"; };
		0C42915BD27C00A5432BD0F5 /* StatuslineUsageProvider.swift */ = {isa = PBXFileReference; lastKnownFileType = sourcecode.swift; path = StatuslineUsageProvider.swift; sourceTree = "<group>"; };
		108D6D1FFAA2C9763B5EB6A4 /* UsageSettingsStore.swift */ = {isa = PBXFileReference; lastKnownFileType = sourcecode.swift; path = UsageSettingsStore.swift; sourceTree = "<group>"; };
		181E0D29D3C8B826339AD70A /* TokenUsageMonitorWidgetEntry.swift */ = {isa = PBXFileReference; lastKnownFileType = sourcecode.swift; path = TokenUsageMonitorWidgetEntry.swift; sourceTree = "<group>"; };
		1BC0DD59F0476CD0D0804F53 /* ISO8601Parsing.swift */ = {isa = PBXFileReference; lastKnownFileType = sourcecode.swift; path = ISO8601Parsing.swift; sourceTree = "<group>"; };
		29AFE13F730F65558BF5FB4D /* ErrorNoteView.swift */ = {isa = PBXFileReference; lastKnownFileType = sourcecode.swift; path = ErrorNoteView.swift; sourceTree = "<group>"; };
		2B2450295A667742F06440D5 /* LocalProjectUsageProviderTests.swift */ = {isa = PBXFileReference; lastKnownFileType = sourcecode.swift; path = LocalProjectUsageProviderTests.swift; sourceTree = "<group>"; };
		2EFE5F577B740205ECE70A39 /* AppGroup.swift */ = {isa = PBXFileReference; lastKnownFileType = sourcecode.swift; path = AppGroup.swift; sourceTree = "<group>"; };
		2F04635967194366848FDC8C /* UsageRefreshServiceTests.swift */ = {isa = PBXFileReference; lastKnownFileType = sourcecode.swift; path = UsageRefreshServiceTests.swift; sourceTree = "<group>"; };
		339AA7B185C0249CBEC0A239 /* UsageAggregatorService.swift */ = {isa = PBXFileReference; lastKnownFileType = sourcecode.swift; path = UsageAggregatorService.swift; sourceTree = "<group>"; };
		357806D76D45CE4F6A9B6C10 /* UsageLimitRow.swift */ = {isa = PBXFileReference; lastKnownFileType = sourcecode.swift; path = UsageLimitRow.swift; sourceTree = "<group>"; };
		3EC765F645095197BFD696CE /* UsageDisplayFormatting.swift */ = {isa = PBXFileReference; lastKnownFileType = sourcecode.swift; path = UsageDisplayFormatting.swift; sourceTree = "<group>"; };
		403C7C5619B2E70579B3FEEB /* ClaudeTokenReader.swift */ = {isa = PBXFileReference; lastKnownFileType = sourcecode.swift; path = ClaudeTokenReader.swift; sourceTree = "<group>"; };
		41CC70A58ABD689224C523EF /* ProjectUsageAggregator.swift */ = {isa = PBXFileReference; lastKnownFileType = sourcecode.swift; path = ProjectUsageAggregator.swift; sourceTree = "<group>"; };
		46BCE1B3FDFC94267C86B770 /* ClaudeTokenReaderTests.swift */ = {isa = PBXFileReference; lastKnownFileType = sourcecode.swift; path = ClaudeTokenReaderTests.swift; sourceTree = "<group>"; };
		47F9B5E55373C52523C3840C /* TokenUsageMonitorApp.swift */ = {isa = PBXFileReference; lastKnownFileType = sourcecode.swift; path = TokenUsageMonitorApp.swift; sourceTree = "<group>"; };
		48BB7D9CB9654777AB4CCE91 /* ProjectAnalyticsViewModel.swift */ = {isa = PBXFileReference; lastKnownFileType = sourcecode.swift; path = ProjectAnalyticsViewModel.swift; sourceTree = "<group>"; };
		4B2E22777707A33CF8A0FA13 /* ClaudeUsageSnapshot.swift */ = {isa = PBXFileReference; lastKnownFileType = sourcecode.swift; path = ClaudeUsageSnapshot.swift; sourceTree = "<group>"; };
		4BAE137710AC01A17699EE8E /* OAuthUsageProvider.swift */ = {isa = PBXFileReference; lastKnownFileType = sourcecode.swift; path = OAuthUsageProvider.swift; sourceTree = "<group>"; };
		5F71BAF1488798E80950CC72 /* TokenUsageMonitorTests.xctest */ = {isa = PBXFileReference; explicitFileType = wrapper.cfbundle; includeInIndex = 0; path = TokenUsageMonitorTests.xctest; sourceTree = BUILT_PRODUCTS_DIR; };
		5F8E214335612085FD8708A5 /* Info.plist */ = {isa = PBXFileReference; lastKnownFileType = text.plist; path = Info.plist; sourceTree = "<group>"; };
		619997CCB871ECEB5EC91C69 /* TokenUsageMonitorWidgetBundle.swift */ = {isa = PBXFileReference; lastKnownFileType = sourcecode.swift; path = TokenUsageMonitorWidgetBundle.swift; sourceTree = "<group>"; };
		623EA8334E27238B1A861C75 /* ClaudeUsageClientMappingTests.swift */ = {isa = PBXFileReference; lastKnownFileType = sourcecode.swift; path = ClaudeUsageClientMappingTests.swift; sourceTree = "<group>"; };
		62B429B9A3E4B6D2DCBF5C52 /* ProjectUsageTimeRange.swift */ = {isa = PBXFileReference; lastKnownFileType = sourcecode.swift; path = ProjectUsageTimeRange.swift; sourceTree = "<group>"; };
		6CB667EF1EDBC4900466E5A1 /* UsageCacheStore.swift */ = {isa = PBXFileReference; lastKnownFileType = sourcecode.swift; path = UsageCacheStore.swift; sourceTree = "<group>"; };
		74CA2A48B900DA953F3D5104 /* UsageRefreshService.swift */ = {isa = PBXFileReference; lastKnownFileType = sourcecode.swift; path = UsageRefreshService.swift; sourceTree = "<group>"; };
		74F402FF569CF9D2D19EBDFC /* UsageMeterView.swift */ = {isa = PBXFileReference; lastKnownFileType = sourcecode.swift; path = UsageMeterView.swift; sourceTree = "<group>"; };
		75B249F50730394CB2514850 /* OAuthUsageProviderTests.swift */ = {isa = PBXFileReference; lastKnownFileType = sourcecode.swift; path = OAuthUsageProviderTests.swift; sourceTree = "<group>"; };
		7A04C17F1E356355E839E377 /* ProjectUsageCacheStore.swift */ = {isa = PBXFileReference; lastKnownFileType = sourcecode.swift; path = ProjectUsageCacheStore.swift; sourceTree = "<group>"; };
		7C0C5EEA67A9983F96050E98 /* TokenUsageMonitorExtension.entitlements */ = {isa = PBXFileReference; lastKnownFileType = text.plist.entitlements; path = TokenUsageMonitorExtension.entitlements; sourceTree = "<group>"; };
		81401266A69E969683F3E3AD /* ProjectUsageEvent.swift */ = {isa = PBXFileReference; lastKnownFileType = sourcecode.swift; path = ProjectUsageEvent.swift; sourceTree = "<group>"; };
		8528D83EF1B928AF6D754323 /* TokenUsageMonitorWidget.swift */ = {isa = PBXFileReference; lastKnownFileType = sourcecode.swift; path = TokenUsageMonitorWidget.swift; sourceTree = "<group>"; };
		8ACBA79B3D2843599499435C /* TokenUsageMonitor.app */ = {isa = PBXFileReference; explicitFileType = wrapper.application; includeInIndex = 0; path = TokenUsageMonitor.app; sourceTree = BUILT_PRODUCTS_DIR; };
		941A1A194917B4C67F8C8029 /* TokenUsageMonitorWidgetEntryView.swift */ = {isa = PBXFileReference; lastKnownFileType = sourcecode.swift; path = TokenUsageMonitorWidgetEntryView.swift; sourceTree = "<group>"; };
		A04FB9C07B04EC99EEF3B104 /* TokenUsageMonitor.entitlements */ = {isa = PBXFileReference; lastKnownFileType = text.plist.entitlements; path = TokenUsageMonitor.entitlements; sourceTree = "<group>"; };
		A44D166774E9C39F5DA7E74D /* LocalProjectUsageProvider.swift */ = {isa = PBXFileReference; lastKnownFileType = sourcecode.swift; path = LocalProjectUsageProvider.swift; sourceTree = "<group>"; };
		B50AB781DB0370BBD8DF6662 /* UsageProvider.swift */ = {isa = PBXFileReference; lastKnownFileType = sourcecode.swift; path = UsageProvider.swift; sourceTree = "<group>"; };
		B9678ED2556632A04F9F3E01 /* ContentView.swift */ = {isa = PBXFileReference; lastKnownFileType = sourcecode.swift; path = ContentView.swift; sourceTree = "<group>"; };
		C0AA9B0B32CB31100FDB626A /* UsageCacheStoreTests.swift */ = {isa = PBXFileReference; lastKnownFileType = sourcecode.swift; path = UsageCacheStoreTests.swift; sourceTree = "<group>"; };
		C0B501590455FABFD8B4CBDA /* ProjectUsageAggregatorTests.swift */ = {isa = PBXFileReference; lastKnownFileType = sourcecode.swift; path = ProjectUsageAggregatorTests.swift; sourceTree = "<group>"; };
		D016AF27C4B4F361A82541C6 /* Info.plist */ = {isa = PBXFileReference; lastKnownFileType = text.plist; path = Info.plist; sourceTree = "<group>"; };
		D2274FEA2B1CB27D261237F6 /* UsageDisplayFormattingTests.swift */ = {isa = PBXFileReference; lastKnownFileType = sourcecode.swift; path = UsageDisplayFormattingTests.swift; sourceTree = "<group>"; };
		D8419569982F88E3BE3F4725 /* ProjectUsageParserTests.swift */ = {isa = PBXFileReference; lastKnownFileType = sourcecode.swift; path = ProjectUsageParserTests.swift; sourceTree = "<group>"; };
		D9C1C520144FA375B5855F55 /* StatuslineUsageProviderTests.swift */ = {isa = PBXFileReference; lastKnownFileType = sourcecode.swift; path = StatuslineUsageProviderTests.swift; sourceTree = "<group>"; };
		DB2421FD70ECE9C3E32106E4 /* ProjectUsageParser.swift */ = {isa = PBXFileReference; lastKnownFileType = sourcecode.swift; path = ProjectUsageParser.swift; sourceTree = "<group>"; };
		DFB2324C93A5DF7CECDE35FB /* SettingsView.swift */ = {isa = PBXFileReference; lastKnownFileType = sourcecode.swift; path = SettingsView.swift; sourceTree = "<group>"; };
		E7577A86C256C27FFBAEB1AA /* UsageLimit.swift */ = {isa = PBXFileReference; lastKnownFileType = sourcecode.swift; path = UsageLimit.swift; sourceTree = "<group>"; };
		F01012886E5146DB65348A0F /* ClaudeUsageClient.swift */ = {isa = PBXFileReference; lastKnownFileType = sourcecode.swift; path = ClaudeUsageClient.swift; sourceTree = "<group>"; };
		F381D0EE19155B220BFBEFC0 /* UsageOverviewView.swift */ = {isa = PBXFileReference; lastKnownFileType = sourcecode.swift; path = UsageOverviewView.swift; sourceTree = "<group>"; };
		F3FA71D40AD7EC7B5CB6B7AF /* TokenUsageMonitorExtension.appex */ = {isa = PBXFileReference; explicitFileType = "wrapper.app-extension"; includeInIndex = 0; path = TokenUsageMonitorExtension.appex; sourceTree = BUILT_PRODUCTS_DIR; };
		F62255FDB7C88042237CC0C5 /* ProjectUsageCacheStoreTests.swift */ = {isa = PBXFileReference; lastKnownFileType = sourcecode.swift; path = ProjectUsageCacheStoreTests.swift; sourceTree = "<group>"; };
		F672D60568F9275AF53CB948 /* ProjectsView.swift */ = {isa = PBXFileReference; lastKnownFileType = sourcecode.swift; path = ProjectsView.swift; sourceTree = "<group>"; };
		F906E7E087BA70B99AF06580 /* UsageAggregatorServiceTests.swift */ = {isa = PBXFileReference; lastKnownFileType = sourcecode.swift; path = UsageAggregatorServiceTests.swift; sourceTree = "<group>"; };
		FAF850F8739E92B98AE88B5C /* UsageSettings.swift */ = {isa = PBXFileReference; lastKnownFileType = sourcecode.swift; path = UsageSettings.swift; sourceTree = "<group>"; };
		FFA19F47DA2B24A12C2C83E4 /* ClaudeUsageTimelineProvider.swift */ = {isa = PBXFileReference; lastKnownFileType = sourcecode.swift; path = ClaudeUsageTimelineProvider.swift; sourceTree = "<group>"; };
/* End PBXFileReference section */

/* Begin PBXGroup section */
		071CCA51BA580786E5E68CCE /* UI */ = {
			isa = PBXGroup;
			children = (
				B9678ED2556632A04F9F3E01 /* ContentView.swift */,
				29AFE13F730F65558BF5FB4D /* ErrorNoteView.swift */,
				F672D60568F9275AF53CB948 /* ProjectsView.swift */,
				DFB2324C93A5DF7CECDE35FB /* SettingsView.swift */,
				357806D76D45CE4F6A9B6C10 /* UsageLimitRow.swift */,
				F381D0EE19155B220BFBEFC0 /* UsageOverviewView.swift */,
			);
			path = UI;
			sourceTree = "<group>";
		};
		07EB03475F8C8CCE7D605184 /* Shared */ = {
			isa = PBXGroup;
			children = (
				91854881D631FDC2AAA4AF95 /* Constants */,
				1B8B0BC36DAE694D8933C909 /* Domain */,
				A00C82188CD0630EE98FF427 /* ProjectAnalytics */,
				2BC48D3C569EE5AA06E617AE /* Providers */,
				DA28721B09F42A4492D5E405 /* Settings */,
				59563406E5698FE7ABC81655 /* Storage */,
				B0C94CD90955A729D8E21F3D /* UI */,
			);
			path = Shared;
			sourceTree = "<group>";
		};
		1B8B0BC36DAE694D8933C909 /* Domain */ = {
			isa = PBXGroup;
			children = (
				4B2E22777707A33CF8A0FA13 /* ClaudeUsageSnapshot.swift */,
				1BC0DD59F0476CD0D0804F53 /* ISO8601Parsing.swift */,
				3EC765F645095197BFD696CE /* UsageDisplayFormatting.swift */,
				E7577A86C256C27FFBAEB1AA /* UsageLimit.swift */,
			);
			path = Domain;
			sourceTree = "<group>";
		};
		2BC48D3C569EE5AA06E617AE /* Providers */ = {
			isa = PBXGroup;
			children = (
				B50AB781DB0370BBD8DF6662 /* UsageProvider.swift */,
			);
			path = Providers;
			sourceTree = "<group>";
		};
		33386047388D16667370DBAB /* App */ = {
			isa = PBXGroup;
			children = (
				D016AF27C4B4F361A82541C6 /* Info.plist */,
				A04FB9C07B04EC99EEF3B104 /* TokenUsageMonitor.entitlements */,
				47F9B5E55373C52523C3840C /* TokenUsageMonitorApp.swift */,
				D24B6A82C6F346F4AEA01442 /* Providers */,
				8FAE24748E01AB5C1C93222A /* Services */,
				071CCA51BA580786E5E68CCE /* UI */,
			);
			path = App;
			sourceTree = "<group>";
		};
		59563406E5698FE7ABC81655 /* Storage */ = {
			isa = PBXGroup;
			children = (
				7A04C17F1E356355E839E377 /* ProjectUsageCacheStore.swift */,
				6CB667EF1EDBC4900466E5A1 /* UsageCacheStore.swift */,
			);
			path = Storage;
			sourceTree = "<group>";
		};
		66E6977C2CA150A17C6BAB31 /* ServiceTests */ = {
			isa = PBXGroup;
			children = (
				46BCE1B3FDFC94267C86B770 /* ClaudeTokenReaderTests.swift */,
				623EA8334E27238B1A861C75 /* ClaudeUsageClientMappingTests.swift */,
				F906E7E087BA70B99AF06580 /* UsageAggregatorServiceTests.swift */,
				2F04635967194366848FDC8C /* UsageRefreshServiceTests.swift */,
			);
			path = ServiceTests;
			sourceTree = "<group>";
		};
		6826E089EA6185F8E1AED831 /* Products */ = {
			isa = PBXGroup;
			children = (
				8ACBA79B3D2843599499435C /* TokenUsageMonitor.app */,
				F3FA71D40AD7EC7B5CB6B7AF /* TokenUsageMonitorExtension.appex */,
				5F71BAF1488798E80950CC72 /* TokenUsageMonitorTests.xctest */,
			);
			name = Products;
			sourceTree = "<group>";
		};
		7A091041A708A0FA5DF941F5 /* Tests */ = {
			isa = PBXGroup;
			children = (
				BEEADB58EA929B12C0267E93 /* DomainTests */,
				9F83E0BA4CEC0174AAE1B5C1 /* ProjectAnalyticsTests */,
				9C7BA72E111DB184EF2C4CBC /* ProviderTests */,
				66E6977C2CA150A17C6BAB31 /* ServiceTests */,
				84C7A5EC681DE71C6ABEBECF /* SettingsTests */,
				8AD54F4E99D0EBE75EAE9E8E /* StorageTests */,
			);
			path = Tests;
			sourceTree = "<group>";
		};
		84C7A5EC681DE71C6ABEBECF /* SettingsTests */ = {
			isa = PBXGroup;
			children = (
				092B6C45BA57D1B1130A32EA /* UsageSettingsStoreTests.swift */,
			);
			path = SettingsTests;
			sourceTree = "<group>";
		};
		8AD54F4E99D0EBE75EAE9E8E /* StorageTests */ = {
			isa = PBXGroup;
			children = (
				F62255FDB7C88042237CC0C5 /* ProjectUsageCacheStoreTests.swift */,
				C0AA9B0B32CB31100FDB626A /* UsageCacheStoreTests.swift */,
			);
			path = StorageTests;
			sourceTree = "<group>";
		};
		8FAE24748E01AB5C1C93222A /* Services */ = {
			isa = PBXGroup;
			children = (
				403C7C5619B2E70579B3FEEB /* ClaudeTokenReader.swift */,
				F01012886E5146DB65348A0F /* ClaudeUsageClient.swift */,
				48BB7D9CB9654777AB4CCE91 /* ProjectAnalyticsViewModel.swift */,
				339AA7B185C0249CBEC0A239 /* UsageAggregatorService.swift */,
				74CA2A48B900DA953F3D5104 /* UsageRefreshService.swift */,
			);
			path = Services;
			sourceTree = "<group>";
		};
		91854881D631FDC2AAA4AF95 /* Constants */ = {
			isa = PBXGroup;
			children = (
				2EFE5F577B740205ECE70A39 /* AppGroup.swift */,
			);
			path = Constants;
			sourceTree = "<group>";
		};
		9C7BA72E111DB184EF2C4CBC /* ProviderTests */ = {
			isa = PBXGroup;
			children = (
				2B2450295A667742F06440D5 /* LocalProjectUsageProviderTests.swift */,
				75B249F50730394CB2514850 /* OAuthUsageProviderTests.swift */,
				D9C1C520144FA375B5855F55 /* StatuslineUsageProviderTests.swift */,
			);
			path = ProviderTests;
			sourceTree = "<group>";
		};
		9F83E0BA4CEC0174AAE1B5C1 /* ProjectAnalyticsTests */ = {
			isa = PBXGroup;
			children = (
				C0B501590455FABFD8B4CBDA /* ProjectUsageAggregatorTests.swift */,
				D8419569982F88E3BE3F4725 /* ProjectUsageParserTests.swift */,
			);
			path = ProjectAnalyticsTests;
			sourceTree = "<group>";
		};
		A00C82188CD0630EE98FF427 /* ProjectAnalytics */ = {
			isa = PBXGroup;
			children = (
				41CC70A58ABD689224C523EF /* ProjectUsageAggregator.swift */,
				81401266A69E969683F3E3AD /* ProjectUsageEvent.swift */,
				DB2421FD70ECE9C3E32106E4 /* ProjectUsageParser.swift */,
				62B429B9A3E4B6D2DCBF5C52 /* ProjectUsageTimeRange.swift */,
			);
			path = ProjectAnalytics;
			sourceTree = "<group>";
		};
		B0C94CD90955A729D8E21F3D /* UI */ = {
			isa = PBXGroup;
			children = (
				74F402FF569CF9D2D19EBDFC /* UsageMeterView.swift */,
			);
			path = UI;
			sourceTree = "<group>";
		};
		BEEADB58EA929B12C0267E93 /* DomainTests */ = {
			isa = PBXGroup;
			children = (
				D2274FEA2B1CB27D261237F6 /* UsageDisplayFormattingTests.swift */,
			);
			path = DomainTests;
			sourceTree = "<group>";
		};
		D24B6A82C6F346F4AEA01442 /* Providers */ = {
			isa = PBXGroup;
			children = (
				A44D166774E9C39F5DA7E74D /* LocalProjectUsageProvider.swift */,
				4BAE137710AC01A17699EE8E /* OAuthUsageProvider.swift */,
				0C42915BD27C00A5432BD0F5 /* StatuslineUsageProvider.swift */,
			);
			path = Providers;
			sourceTree = "<group>";
		};
		D64537F5AD5D5C20D45DD1BC = {
			isa = PBXGroup;
			children = (
				33386047388D16667370DBAB /* App */,
				07EB03475F8C8CCE7D605184 /* Shared */,
				7A091041A708A0FA5DF941F5 /* Tests */,
				FB26F3F59293F9274EEF09D7 /* Widget */,
				6826E089EA6185F8E1AED831 /* Products */,
			);
			sourceTree = "<group>";
		};
		DA28721B09F42A4492D5E405 /* Settings */ = {
			isa = PBXGroup;
			children = (
				FAF850F8739E92B98AE88B5C /* UsageSettings.swift */,
				108D6D1FFAA2C9763B5EB6A4 /* UsageSettingsStore.swift */,
			);
			path = Settings;
			sourceTree = "<group>";
		};
		FB26F3F59293F9274EEF09D7 /* Widget */ = {
			isa = PBXGroup;
			children = (
				FFA19F47DA2B24A12C2C83E4 /* ClaudeUsageTimelineProvider.swift */,
				5F8E214335612085FD8708A5 /* Info.plist */,
				7C0C5EEA67A9983F96050E98 /* TokenUsageMonitorExtension.entitlements */,
				8528D83EF1B928AF6D754323 /* TokenUsageMonitorWidget.swift */,
				619997CCB871ECEB5EC91C69 /* TokenUsageMonitorWidgetBundle.swift */,
				181E0D29D3C8B826339AD70A /* TokenUsageMonitorWidgetEntry.swift */,
				941A1A194917B4C67F8C8029 /* TokenUsageMonitorWidgetEntryView.swift */,
			);
			path = Widget;
			sourceTree = "<group>";
		};
/* End PBXGroup section */

/* Begin PBXNativeTarget section */
		995290AE3FE9E6E633B20DE7 /* TokenUsageMonitorTests */ = {
			isa = PBXNativeTarget;
			buildConfigurationList = ADCD20BB6694E202D9CF52B7 /* Build configuration list for PBXNativeTarget "TokenUsageMonitorTests" */;
			buildPhases = (
				CB0A877A914BAAA427D57A53 /* Sources */,
			);
			buildRules = (
			);
			dependencies = (
			);
			name = TokenUsageMonitorTests;
			packageProductDependencies = (
			);
			productName = TokenUsageMonitorTests;
			productReference = 5F71BAF1488798E80950CC72 /* TokenUsageMonitorTests.xctest */;
			productType = "com.apple.product-type.bundle.unit-test";
		};
		AD573D7AD66365AF940FAE24 /* TokenUsageMonitor */ = {
			isa = PBXNativeTarget;
			buildConfigurationList = E4976FFFE00FEDC6529A5467 /* Build configuration list for PBXNativeTarget "TokenUsageMonitor" */;
			buildPhases = (
				D6282213E2EEE826ADE420F6 /* Sources */,
				CEE7E5DF22B3DE400CA084E1 /* Embed Foundation Extensions */,
			);
			buildRules = (
			);
			dependencies = (
				F00ED07585DC691FE5ABF31D /* PBXTargetDependency */,
			);
			name = TokenUsageMonitor;
			packageProductDependencies = (
			);
			productName = TokenUsageMonitor;
			productReference = 8ACBA79B3D2843599499435C /* TokenUsageMonitor.app */;
			productType = "com.apple.product-type.application";
		};
		C2AF8370DE7878BB2F81155C /* TokenUsageMonitorExtension */ = {
			isa = PBXNativeTarget;
			buildConfigurationList = 50D9D1AD1AAA5D51BC783848 /* Build configuration list for PBXNativeTarget "TokenUsageMonitorExtension" */;
			buildPhases = (
				B545C955D3F04EDF376C4DE2 /* Sources */,
			);
			buildRules = (
			);
			dependencies = (
			);
			name = TokenUsageMonitorExtension;
			packageProductDependencies = (
			);
			productName = TokenUsageMonitorExtension;
			productReference = F3FA71D40AD7EC7B5CB6B7AF /* TokenUsageMonitorExtension.appex */;
			productType = "com.apple.product-type.app-extension";
		};
/* End PBXNativeTarget section */

/* Begin PBXProject section */
		8EE11971339407CF992E290B /* Project object */ = {
			isa = PBXProject;
			attributes = {
				BuildIndependentTargetsInParallel = YES;
				LastUpgradeCheck = 1430;
				TargetAttributes = {
					995290AE3FE9E6E633B20DE7 = {
						DevelopmentTeam = 4MX24QZ69S;
						ProvisioningStyle = Automatic;
					};
					AD573D7AD66365AF940FAE24 = {
						DevelopmentTeam = 4MX24QZ69S;
						ProvisioningStyle = Automatic;
					};
					C2AF8370DE7878BB2F81155C = {
						DevelopmentTeam = 4MX24QZ69S;
						ProvisioningStyle = Automatic;
					};
				};
			};
			buildConfigurationList = 930C6F211C58D980D090970C /* Build configuration list for PBXProject "TokenUsageMonitor" */;
			developmentRegion = en;
			hasScannedForEncodings = 0;
			knownRegions = (
				Base,
				en,
			);
			mainGroup = D64537F5AD5D5C20D45DD1BC;
			minimizedProjectReferenceProxies = 1;
			preferredProjectObjectVersion = 77;
			productRefGroup = 6826E089EA6185F8E1AED831 /* Products */;
			projectDirPath = "";
			projectRoot = "";
			targets = (
				AD573D7AD66365AF940FAE24 /* TokenUsageMonitor */,
				C2AF8370DE7878BB2F81155C /* TokenUsageMonitorExtension */,
				995290AE3FE9E6E633B20DE7 /* TokenUsageMonitorTests */,
			);
		};
/* End PBXProject section */

/* Begin PBXSourcesBuildPhase section */
		B545C955D3F04EDF376C4DE2 /* Sources */ = {
			isa = PBXSourcesBuildPhase;
			buildActionMask = 2147483647;
			files = (
				CDF2D395FD86D5D20C8B9735 /* AppGroup.swift in Sources */,
				6F2F2C4C3A3E6B30119C2BEF /* ClaudeUsageSnapshot.swift in Sources */,
				BA21F6B1B3BBD3FC301E9764 /* ClaudeUsageTimelineProvider.swift in Sources */,
				EA0B71BB9A30C1B7B74C6B00 /* ISO8601Parsing.swift in Sources */,
				41D970D532CEE25C5A2024D7 /* ProjectUsageAggregator.swift in Sources */,
				8DBA673988C7AFAAC8937395 /* ProjectUsageCacheStore.swift in Sources */,
				366A08AC43508478A87F5F45 /* ProjectUsageEvent.swift in Sources */,
				91A9B41BCE1FB027F85CF0EB /* ProjectUsageParser.swift in Sources */,
				81D29ADA27A674C7E5D5A822 /* ProjectUsageTimeRange.swift in Sources */,
				C9930971E6E9FDE487AF808C /* TokenUsageMonitorWidget.swift in Sources */,
				461654A5299C8235B84714EE /* TokenUsageMonitorWidgetBundle.swift in Sources */,
				B74A37712B69992EE91D8CD1 /* TokenUsageMonitorWidgetEntry.swift in Sources */,
				48D3EAFE8E43E261D01E3D46 /* TokenUsageMonitorWidgetEntryView.swift in Sources */,
				8E879B004695C7830EA3DFC9 /* UsageCacheStore.swift in Sources */,
				4720EBE75A1EE8CD6E18B0DA /* UsageDisplayFormatting.swift in Sources */,
				92A1276C5EC8A59BF7412EB5 /* UsageLimit.swift in Sources */,
				1BD1780656882E7FDCB72698 /* UsageMeterView.swift in Sources */,
				9E285D715EDE332AE849157E /* UsageProvider.swift in Sources */,
				5EE826A7F16C93B2966265A3 /* UsageSettings.swift in Sources */,
				DC9B5FFA7F7D717F20C04A5F /* UsageSettingsStore.swift in Sources */,
			);
			runOnlyForDeploymentPostprocessing = 0;
		};
		CB0A877A914BAAA427D57A53 /* Sources */ = {
			isa = PBXSourcesBuildPhase;
			buildActionMask = 2147483647;
			files = (
				981E49AA42196594068C53DC /* AppGroup.swift in Sources */,
				137C30D71942E0D33C899376 /* ClaudeTokenReader.swift in Sources */,
				A056569E3AC295CAE9DB3669 /* ClaudeTokenReaderTests.swift in Sources */,
				3CD00629B60756A284FE9F36 /* ClaudeUsageClient.swift in Sources */,
				3C9CC23F2ACC31FEDB2DA635 /* ClaudeUsageClientMappingTests.swift in Sources */,
				033360B6B2D944FD38C9C57D /* ClaudeUsageSnapshot.swift in Sources */,
				6A8B8836E38673609FFF96AA /* ISO8601Parsing.swift in Sources */,
				B092EF6E94FC649B426FF7E4 /* LocalProjectUsageProvider.swift in Sources */,
				FB06D12A949689636CC5BA74 /* LocalProjectUsageProviderTests.swift in Sources */,
				33273641201CE81DF2A72A11 /* OAuthUsageProvider.swift in Sources */,
				DC2FBA308F8F2CC11061F630 /* OAuthUsageProviderTests.swift in Sources */,
				95184311F407BEC1E22C4238 /* ProjectAnalyticsViewModel.swift in Sources */,
				C35DF8E5F928308CACB721A4 /* ProjectUsageAggregator.swift in Sources */,
				FDF18020DFFE22844D14B9E5 /* ProjectUsageAggregatorTests.swift in Sources */,
				F982251A95D47B95283C2C3F /* ProjectUsageCacheStore.swift in Sources */,
				5D300F58EACF36D7E9201DA7 /* ProjectUsageCacheStoreTests.swift in Sources */,
				DEF475224614EABA292BDEC6 /* ProjectUsageEvent.swift in Sources */,
				A93259973D8CD16D08C6E127 /* ProjectUsageParser.swift in Sources */,
				527D57F7A3E3DCD46DAFA462 /* ProjectUsageParserTests.swift in Sources */,
				5775774A56F66F93474603B6 /* ProjectUsageTimeRange.swift in Sources */,
				5AC16220726D85408DD25E57 /* StatuslineUsageProvider.swift in Sources */,
				91AC727975DD1F1E3962A287 /* StatuslineUsageProviderTests.swift in Sources */,
				6B24CD6CA66A9783950E0CFE /* UsageAggregatorService.swift in Sources */,
				C857B6A7CC9DE244091B2199 /* UsageAggregatorServiceTests.swift in Sources */,
				B2CB03E4CC9A46D4BF45E5EB /* UsageCacheStore.swift in Sources */,
				0E8F70434DD66AC1C5B4A425 /* UsageCacheStoreTests.swift in Sources */,
				299880F24F1E8BDEC12F764F /* UsageDisplayFormatting.swift in Sources */,
				437100AD2ADBCF6BFC056793 /* UsageDisplayFormattingTests.swift in Sources */,
				52FAE19FBBF64A0CEE3502D4 /* UsageLimit.swift in Sources */,
				84390316361B59AB560C2FF1 /* UsageMeterView.swift in Sources */,
				B670BE119407E931A21BF70D /* UsageProvider.swift in Sources */,
				0F7935BFF3C22AE6743DF13C /* UsageRefreshService.swift in Sources */,
				03A0C37601C0E5C605CEC52E /* UsageRefreshServiceTests.swift in Sources */,
				EFBA709319173B787D8B5CE9 /* UsageSettings.swift in Sources */,
				EA8A4BC0773E3E1D0F237A92 /* UsageSettingsStore.swift in Sources */,
				F22C63370512CB6EEA29DCF9 /* UsageSettingsStoreTests.swift in Sources */,
			);
			runOnlyForDeploymentPostprocessing = 0;
		};
		D6282213E2EEE826ADE420F6 /* Sources */ = {
			isa = PBXSourcesBuildPhase;
			buildActionMask = 2147483647;
			files = (
				A7E71D5AC52C8BC56A80A6B2 /* AppGroup.swift in Sources */,
				16DDFE8AE233384216CDA0AB /* ClaudeTokenReader.swift in Sources */,
				C317BBEC5F47F7DE85FA0417 /* ClaudeUsageClient.swift in Sources */,
				80EBDF7B8F562CA1A2ED4B30 /* ClaudeUsageSnapshot.swift in Sources */,
				293F4ED389E3E73270CE840C /* ContentView.swift in Sources */,
				52D9EA08C46C9E9550A5268D /* ErrorNoteView.swift in Sources */,
				2E91769B9A3FF64B62B14C92 /* ISO8601Parsing.swift in Sources */,
				4B01434530F51750EF7C10DD /* LocalProjectUsageProvider.swift in Sources */,
				C4611DFDF0A1F9AE17C52ED8 /* OAuthUsageProvider.swift in Sources */,
				E8451427086917636D2677BD /* ProjectAnalyticsViewModel.swift in Sources */,
				1E56DC113E8E08A6011DC365 /* ProjectUsageAggregator.swift in Sources */,
				C78F7DD60D3487C2F906E838 /* ProjectUsageCacheStore.swift in Sources */,
				A9E98D3FDED165AEEE59255A /* ProjectUsageEvent.swift in Sources */,
				96467BF90B478FB3D08BEEC2 /* ProjectUsageParser.swift in Sources */,
				06FC93DA5357546287B99FE7 /* ProjectUsageTimeRange.swift in Sources */,
				3ACDC54C842072B444E25D48 /* ProjectsView.swift in Sources */,
				F9311D6667583B7D03B51014 /* SettingsView.swift in Sources */,
				564657E5D85911179B5FC308 /* StatuslineUsageProvider.swift in Sources */,
				798485850D17CEB1ADC2B4B0 /* TokenUsageMonitorApp.swift in Sources */,
				36C71FF0BA10B8FAF50EC04B /* UsageAggregatorService.swift in Sources */,
				69AB386D1773702D2026225C /* UsageCacheStore.swift in Sources */,
				0DF97A0F26DDDF8FCFE9FC88 /* UsageDisplayFormatting.swift in Sources */,
				A629E72DB172703D13FF023E /* UsageLimit.swift in Sources */,
				8CB3F6522DDD37B2CED8C556 /* UsageLimitRow.swift in Sources */,
				E883D69DF3D5EC3594B04F80 /* UsageMeterView.swift in Sources */,
				C6DF67B4F4C9A41015CE6E02 /* UsageOverviewView.swift in Sources */,
				238B27BCA54FF2E1DAF4B393 /* UsageProvider.swift in Sources */,
				E83BAC83C19B0C9413CAC126 /* UsageRefreshService.swift in Sources */,
				FBD2BD10D1BC4E451E7D5DD9 /* UsageSettings.swift in Sources */,
				2849C5A1E503802B7B979B6D /* UsageSettingsStore.swift in Sources */,
			);
			runOnlyForDeploymentPostprocessing = 0;
		};
/* End PBXSourcesBuildPhase section */

/* Begin PBXTargetDependency section */
		F00ED07585DC691FE5ABF31D /* PBXTargetDependency */ = {
			isa = PBXTargetDependency;
			target = C2AF8370DE7878BB2F81155C /* TokenUsageMonitorExtension */;
			targetProxy = BD17765B7FEF719B3A4404AC /* PBXContainerItemProxy */;
		};
/* End PBXTargetDependency section */

/* Begin XCBuildConfiguration section */
		0FBD8FB771193137BA18D34D /* Release */ = {
			isa = XCBuildConfiguration;
			buildSettings = {
				ASSETCATALOG_COMPILER_APPICON_NAME = AppIcon;
				CODE_SIGN_ENTITLEMENTS = App/TokenUsageMonitor.entitlements;
				COMBINE_HIDPI_IMAGES = YES;
				INFOPLIST_FILE = App/Info.plist;
				LD_RUNPATH_SEARCH_PATHS = (
					"$(inherited)",
					"@executable_path/../Frameworks",
				);
				PRODUCT_BUNDLE_IDENTIFIER = me.andycao.app.tokenusagemonitor;
				PRODUCT_NAME = TokenUsageMonitor;
				SDKROOT = macosx;
			};
			name = Release;
		};
		4FDE06DC9DD3BB89441DCAAE /* Debug */ = {
			isa = XCBuildConfiguration;
			buildSettings = {
				BUNDLE_LOADER = "$(TEST_HOST)";
				CODE_SIGN_IDENTITY = "-";
				COMBINE_HIDPI_IMAGES = YES;
				GENERATE_INFOPLIST_FILE = YES;
				LD_RUNPATH_SEARCH_PATHS = (
					"$(inherited)",
					"@executable_path/../Frameworks",
					"@loader_path/../Frameworks",
				);
				PRODUCT_BUNDLE_IDENTIFIER = me.andycao.app.tokenusagemonitor.tests;
				SDKROOT = macosx;
			};
			name = Debug;
		};
		6E964581BC68C13D279C6613 /* Release */ = {
			isa = XCBuildConfiguration;
			buildSettings = {
				CODE_SIGN_ENTITLEMENTS = Widget/TokenUsageMonitorExtension.entitlements;
				COMBINE_HIDPI_IMAGES = YES;
				INFOPLIST_FILE = Widget/Info.plist;
				LD_RUNPATH_SEARCH_PATHS = (
					"$(inherited)",
					"@executable_path/../Frameworks",
					"@executable_path/../../../../Frameworks",
				);
				PRODUCT_BUNDLE_IDENTIFIER = me.andycao.app.tokenusagemonitor.widget;
				PRODUCT_NAME = TokenUsageMonitorExtension;
				SDKROOT = macosx;
				SKIP_INSTALL = YES;
			};
			name = Release;
		};
		A95194D168905435842EE43D /* Release */ = {
			isa = XCBuildConfiguration;
			buildSettings = {
				ALWAYS_SEARCH_USER_PATHS = NO;
				CLANG_ANALYZER_NONNULL = YES;
				CLANG_ANALYZER_NUMBER_OBJECT_CONVERSION = YES_AGGRESSIVE;
				CLANG_CXX_LANGUAGE_STANDARD = "gnu++14";
				CLANG_CXX_LIBRARY = "libc++";
				CLANG_ENABLE_MODULES = YES;
				CLANG_ENABLE_OBJC_ARC = YES;
				CLANG_ENABLE_OBJC_WEAK = YES;
				CLANG_WARN_BLOCK_CAPTURE_AUTORELEASING = YES;
				CLANG_WARN_BOOL_CONVERSION = YES;
				CLANG_WARN_COMMA = YES;
				CLANG_WARN_CONSTANT_CONVERSION = YES;
				CLANG_WARN_DEPRECATED_OBJC_IMPLEMENTATIONS = YES;
				CLANG_WARN_DIRECT_OBJC_ISA_USAGE = YES_ERROR;
				CLANG_WARN_DOCUMENTATION_COMMENTS = YES;
				CLANG_WARN_EMPTY_BODY = YES;
				CLANG_WARN_ENUM_CONVERSION = YES;
				CLANG_WARN_INFINITE_RECURSION = YES;
				CLANG_WARN_INT_CONVERSION = YES;
				CLANG_WARN_NON_LITERAL_NULL_CONVERSION = YES;
				CLANG_WARN_OBJC_IMPLICIT_RETAIN_SELF = YES;
				CLANG_WARN_OBJC_LITERAL_CONVERSION = YES;
				CLANG_WARN_OBJC_ROOT_CLASS = YES_ERROR;
				CLANG_WARN_QUOTED_INCLUDE_IN_FRAMEWORK_HEADER = YES;
				CLANG_WARN_RANGE_LOOP_ANALYSIS = YES;
				CLANG_WARN_STRICT_PROTOTYPES = YES;
				CLANG_WARN_SUSPICIOUS_MOVE = YES;
				CLANG_WARN_UNGUARDED_AVAILABILITY = YES_AGGRESSIVE;
				CLANG_WARN_UNREACHABLE_CODE = YES;
				CLANG_WARN__DUPLICATE_METHOD_MATCH = YES;
				CODE_SIGN_STYLE = Automatic;
				COPY_PHASE_STRIP = NO;
				DEBUG_INFORMATION_FORMAT = "dwarf-with-dsym";
				DEVELOPMENT_TEAM = 4MX24QZ69S;
				ENABLE_HARDENED_RUNTIME = NO;
				ENABLE_NS_ASSERTIONS = NO;
				ENABLE_STRICT_OBJC_MSGSEND = YES;
				GCC_C_LANGUAGE_STANDARD = gnu11;
				GCC_NO_COMMON_BLOCKS = YES;
				GCC_WARN_64_TO_32_BIT_CONVERSION = YES;
				GCC_WARN_ABOUT_RETURN_TYPE = YES_ERROR;
				GCC_WARN_UNDECLARED_SELECTOR = YES;
				GCC_WARN_UNINITIALIZED_AUTOS = YES_AGGRESSIVE;
				GCC_WARN_UNUSED_FUNCTION = YES;
				GCC_WARN_UNUSED_VARIABLE = YES;
				MACOSX_DEPLOYMENT_TARGET = 14.0;
				MTL_ENABLE_DEBUG_INFO = NO;
				MTL_FAST_MATH = YES;
				PRODUCT_NAME = "$(TARGET_NAME)";
				SDKROOT = macosx;
				SWIFT_COMPILATION_MODE = wholemodule;
				SWIFT_OPTIMIZATION_LEVEL = "-O";
				SWIFT_VERSION = 5.9;
			};
			name = Release;
		};
		B6429FB6293E5462A30D65E8 /* Release */ = {
			isa = XCBuildConfiguration;
			buildSettings = {
				BUNDLE_LOADER = "$(TEST_HOST)";
				CODE_SIGN_IDENTITY = "-";
				COMBINE_HIDPI_IMAGES = YES;
				GENERATE_INFOPLIST_FILE = YES;
				LD_RUNPATH_SEARCH_PATHS = (
					"$(inherited)",
					"@executable_path/../Frameworks",
					"@loader_path/../Frameworks",
				);
				PRODUCT_BUNDLE_IDENTIFIER = me.andycao.app.tokenusagemonitor.tests;
				SDKROOT = macosx;
			};
			name = Release;
		};
		C32D277BB431AC1DF1FBDC3B /* Debug */ = {
			isa = XCBuildConfiguration;
			buildSettings = {
				CODE_SIGN_ENTITLEMENTS = Widget/TokenUsageMonitorExtension.entitlements;
				COMBINE_HIDPI_IMAGES = YES;
				INFOPLIST_FILE = Widget/Info.plist;
				LD_RUNPATH_SEARCH_PATHS = (
					"$(inherited)",
					"@executable_path/../Frameworks",
					"@executable_path/../../../../Frameworks",
				);
				PRODUCT_BUNDLE_IDENTIFIER = me.andycao.app.tokenusagemonitor.widget;
				PRODUCT_NAME = TokenUsageMonitorExtension;
				SDKROOT = macosx;
				SKIP_INSTALL = YES;
			};
			name = Debug;
		};
		D6307DF436DDF69D8D4B8284 /* Debug */ = {
			isa = XCBuildConfiguration;
			buildSettings = {
				ASSETCATALOG_COMPILER_APPICON_NAME = AppIcon;
				CODE_SIGN_ENTITLEMENTS = App/TokenUsageMonitor.entitlements;
				COMBINE_HIDPI_IMAGES = YES;
				INFOPLIST_FILE = App/Info.plist;
				LD_RUNPATH_SEARCH_PATHS = (
					"$(inherited)",
					"@executable_path/../Frameworks",
				);
				PRODUCT_BUNDLE_IDENTIFIER = me.andycao.app.tokenusagemonitor;
				PRODUCT_NAME = TokenUsageMonitor;
				SDKROOT = macosx;
			};
			name = Debug;
		};
		E0FB884AF7D01375E457F0FD /* Debug */ = {
			isa = XCBuildConfiguration;
			buildSettings = {
				ALWAYS_SEARCH_USER_PATHS = NO;
				CLANG_ANALYZER_NONNULL = YES;
				CLANG_ANALYZER_NUMBER_OBJECT_CONVERSION = YES_AGGRESSIVE;
				CLANG_CXX_LANGUAGE_STANDARD = "gnu++14";
				CLANG_CXX_LIBRARY = "libc++";
				CLANG_ENABLE_MODULES = YES;
				CLANG_ENABLE_OBJC_ARC = YES;
				CLANG_ENABLE_OBJC_WEAK = YES;
				CLANG_WARN_BLOCK_CAPTURE_AUTORELEASING = YES;
				CLANG_WARN_BOOL_CONVERSION = YES;
				CLANG_WARN_COMMA = YES;
				CLANG_WARN_CONSTANT_CONVERSION = YES;
				CLANG_WARN_DEPRECATED_OBJC_IMPLEMENTATIONS = YES;
				CLANG_WARN_DIRECT_OBJC_ISA_USAGE = YES_ERROR;
				CLANG_WARN_DOCUMENTATION_COMMENTS = YES;
				CLANG_WARN_EMPTY_BODY = YES;
				CLANG_WARN_ENUM_CONVERSION = YES;
				CLANG_WARN_INFINITE_RECURSION = YES;
				CLANG_WARN_INT_CONVERSION = YES;
				CLANG_WARN_NON_LITERAL_NULL_CONVERSION = YES;
				CLANG_WARN_OBJC_IMPLICIT_RETAIN_SELF = YES;
				CLANG_WARN_OBJC_LITERAL_CONVERSION = YES;
				CLANG_WARN_OBJC_ROOT_CLASS = YES_ERROR;
				CLANG_WARN_QUOTED_INCLUDE_IN_FRAMEWORK_HEADER = YES;
				CLANG_WARN_RANGE_LOOP_ANALYSIS = YES;
				CLANG_WARN_STRICT_PROTOTYPES = YES;
				CLANG_WARN_SUSPICIOUS_MOVE = YES;
				CLANG_WARN_UNGUARDED_AVAILABILITY = YES_AGGRESSIVE;
				CLANG_WARN_UNREACHABLE_CODE = YES;
				CLANG_WARN__DUPLICATE_METHOD_MATCH = YES;
				CODE_SIGN_STYLE = Automatic;
				COPY_PHASE_STRIP = NO;
				DEBUG_INFORMATION_FORMAT = dwarf;
				DEVELOPMENT_TEAM = 4MX24QZ69S;
				ENABLE_HARDENED_RUNTIME = NO;
				ENABLE_STRICT_OBJC_MSGSEND = YES;
				ENABLE_TESTABILITY = YES;
				GCC_C_LANGUAGE_STANDARD = gnu11;
				GCC_DYNAMIC_NO_PIC = NO;
				GCC_NO_COMMON_BLOCKS = YES;
				GCC_OPTIMIZATION_LEVEL = 0;
				GCC_PREPROCESSOR_DEFINITIONS = (
					"$(inherited)",
					"DEBUG=1",
				);
				GCC_WARN_64_TO_32_BIT_CONVERSION = YES;
				GCC_WARN_ABOUT_RETURN_TYPE = YES_ERROR;
				GCC_WARN_UNDECLARED_SELECTOR = YES;
				GCC_WARN_UNINITIALIZED_AUTOS = YES_AGGRESSIVE;
				GCC_WARN_UNUSED_FUNCTION = YES;
				GCC_WARN_UNUSED_VARIABLE = YES;
				MACOSX_DEPLOYMENT_TARGET = 14.0;
				MTL_ENABLE_DEBUG_INFO = INCLUDE_SOURCE;
				MTL_FAST_MATH = YES;
				ONLY_ACTIVE_ARCH = YES;
				PRODUCT_NAME = "$(TARGET_NAME)";
				SDKROOT = macosx;
				SWIFT_ACTIVE_COMPILATION_CONDITIONS = DEBUG;
				SWIFT_OPTIMIZATION_LEVEL = "-Onone";
				SWIFT_VERSION = 5.9;
			};
			name = Debug;
		};
/* End XCBuildConfiguration section */

/* Begin XCConfigurationList section */
		50D9D1AD1AAA5D51BC783848 /* Build configuration list for PBXNativeTarget "TokenUsageMonitorExtension" */ = {
			isa = XCConfigurationList;
			buildConfigurations = (
				C32D277BB431AC1DF1FBDC3B /* Debug */,
				6E964581BC68C13D279C6613 /* Release */,
			);
			defaultConfigurationIsVisible = 0;
			defaultConfigurationName = Debug;
		};
		930C6F211C58D980D090970C /* Build configuration list for PBXProject "TokenUsageMonitor" */ = {
			isa = XCConfigurationList;
			buildConfigurations = (
				E0FB884AF7D01375E457F0FD /* Debug */,
				A95194D168905435842EE43D /* Release */,
			);
			defaultConfigurationIsVisible = 0;
			defaultConfigurationName = Debug;
		};
		ADCD20BB6694E202D9CF52B7 /* Build configuration list for PBXNativeTarget "TokenUsageMonitorTests" */ = {
			isa = XCConfigurationList;
			buildConfigurations = (
				4FDE06DC9DD3BB89441DCAAE /* Debug */,
				B6429FB6293E5462A30D65E8 /* Release */,
			);
			defaultConfigurationIsVisible = 0;
			defaultConfigurationName = Debug;
		};
		E4976FFFE00FEDC6529A5467 /* Build configuration list for PBXNativeTarget "TokenUsageMonitor" */ = {
			isa = XCConfigurationList;
			buildConfigurations = (
				D6307DF436DDF69D8D4B8284 /* Debug */,
				0FBD8FB771193137BA18D34D /* Release */,
			);
			defaultConfigurationIsVisible = 0;
			defaultConfigurationName = Debug;
		};
/* End XCConfigurationList section */
	};
	rootObject = 8EE11971339407CF992E290B /* Project object */;
}
